{
  "name": "rocket_bot",
  "lockfileVersion": 3,
  "requires": true,
  "packages": {
    "": {
      "dependencies": {
        "bernard": "^0.0.1"
      }
    },
    "node_modules/bernard": {
      "version": "0.0.1",
      "resolved": "https://registry.npmjs.org/bernard/-/bernard-0.0.1.tgz",
      "integrity": "sha512-BXT/C6QUfm3blHW2qn0o6x2dpKckrdYcFpc+AbCEtIWfUjikqApNRKC18cELMyFhb5TZWkYy/HlX1iThA3z7FA=="
    }
  }
}
